
Microsoft Visual Studio Solution File, Format Version 12.00
# Visual Studio 14
VisualStudioVersion = 14.0.25420.1
MinimumVisualStudioVersion = 10.0.40219.1
Project("{FAE04EC0-301F-11D3-BF4B-00C04F79EFBC}") = "dracidoupe", "dracidoupe\dracidoupe.csproj", "{0FDBEA15-04A1-4BAB-9A35-5C75B5BAA8FB}"
EndProject
Global
	GlobalSection(SolutionConfigurationPlatforms) = preSolution
		Debug|Any CPU = Debug|Any CPU
		Release|Any CPU = Release|Any CPU
	EndGlobalSection
	GlobalSection(ProjectConfigurationPlatforms) = postSolution
		{0FDBEA15-04A1-4BAB-9A35-5C75B5BAA8FB}.Debug|Any CPU.ActiveCfg = Debug|Any CPU
		{0FDBEA15-04A1-4BAB-9A35-5C75B5BAA8FB}.Debug|Any CPU.Build.0 = Debug|Any CPU
		{0FDBEA15-04A1-4BAB-9A35-5C75B5BAA8FB}.Release|Any CPU.ActiveCfg = Release|Any CPU
		{0FDBEA15-04A1-4BAB-9A35-5C75B5BAA8FB}.Release|Any CPU.Build.0 = Release|Any CPU
	EndGlobalSection
	GlobalSection(SolutionProperties) = preSolution
		HideSolutionNode = FALSE
	EndGlobalSection
EndGlobal
